
Microsoft Visual Studio Solution File, Format Version 12.00
# Visual Studio Version 17
VisualStudioVersion = 17.1.32421.90
MinimumVisualStudioVersion = 10.0.40219.1
Project("{FAE04EC0-301F-11D3-BF4B-00C04F79EFBC}") = "l2", "l2.csproj", "{CFC97463-AA53-4FAC-9574-559F848F56EB}"
EndProject
Global
	GlobalSection(SolutionConfigurationPlatforms) = preSolution
		Debug|Any CPU = Debug|Any CPU
		Release|Any CPU = Release|Any CPU
	EndGlobalSection
	GlobalSection(ProjectConfigurationPlatforms) = postSolution
		{CFC97463-AA53-4FAC-9574-559F848F56EB}.Debug|Any CPU.ActiveCfg = Debug|Any CPU
		{CFC97463-AA53-4FAC-9574-559F848F56EB}.Debug|Any CPU.Build.0 = Debug|Any CPU
		{CFC97463-AA53-4FAC-9574-559F848F56EB}.Release|Any CPU.ActiveCfg = Release|Any CPU
		{CFC97463-AA53-4FAC-9574-559F848F56EB}.Release|Any CPU.Build.0 = Release|Any CPU
	EndGlobalSection
	GlobalSection(SolutionProperties) = preSolution
		HideSolutionNode = FALSE
	EndGlobalSection
	GlobalSection(ExtensibilityGlobals) = postSolution
		SolutionGuid = {4B093F07-CE0D-4071-8E0F-332CE245C45E}
	EndGlobalSection
EndGlobal
